
Microsoft Visual Studio Solution File, Format Version 12.00
# Visual Studio Version 17
VisualStudioVersion = 17.2.32616.157
MinimumVisualStudioVersion = 10.0.40219.1
Project("{FAE04EC0-301F-11D3-BF4B-00C04F79EFBC}") = "DIWebAPIDemo", "DIWebAPIDemo\DIWebAPIDemo.csproj", "{8CA51059-1C3C-4819-8FD7-B04C929A5A05}"
EndProject
Global
	GlobalSection(SolutionConfigurationPlatforms) = preSolution
		Debug|Any CPU = Debug|Any CPU
		Release|Any CPU = Release|Any CPU
	EndGlobalSection
	GlobalSection(ProjectConfigurationPlatforms) = postSolution
		{8CA51059-1C3C-4819-8FD7-B04C929A5A05}.Debug|Any CPU.ActiveCfg = Debug|Any CPU
		{8CA51059-1C3C-4819-8FD7-B04C929A5A05}.Debug|Any CPU.Build.0 = Debug|Any CPU
		{8CA51059-1C3C-4819-8FD7-B04C929A5A05}.Release|Any CPU.ActiveCfg = Release|Any CPU
		{8CA51059-1C3C-4819-8FD7-B04C929A5A05}.Release|Any CPU.Build.0 = Release|Any CPU
	EndGlobalSection
	GlobalSection(SolutionProperties) = preSolution
		HideSolutionNode = FALSE
	EndGlobalSection
	GlobalSection(ExtensibilityGlobals) = postSolution
		SolutionGuid = {7A561462-1FC9-46D1-92FD-A2C6D39B4A4E}
	EndGlobalSection
EndGlobal
